
Microsoft Visual Studio Solution File, Format Version 12.00
# Visual Studio Version 17
VisualStudioVersion = 17.7.34024.191
MinimumVisualStudioVersion = 10.0.40219.1
Project("{FAE04EC0-301F-11D3-BF4B-00C04F79EFBC}") = "ConcertHalls", "ConcertHalls\ConcertHalls.csproj", "{A7897C86-3C40-4593-B46C-C301216FF9B3}"
EndProject
Global
	GlobalSection(SolutionConfigurationPlatforms) = preSolution
		Debug|Any CPU = Debug|Any CPU
		Release|Any CPU = Release|Any CPU
	EndGlobalSection
	GlobalSection(ProjectConfigurationPlatforms) = postSolution
		{A7897C86-3C40-4593-B46C-C301216FF9B3}.Debug|Any CPU.ActiveCfg = Debug|Any CPU
		{A7897C86-3C40-4593-B46C-C301216FF9B3}.Debug|Any CPU.Build.0 = Debug|Any CPU
		{A7897C86-3C40-4593-B46C-C301216FF9B3}.Release|Any CPU.ActiveCfg = Release|Any CPU
		{A7897C86-3C40-4593-B46C-C301216FF9B3}.Release|Any CPU.Build.0 = Release|Any CPU
	EndGlobalSection
	GlobalSection(SolutionProperties) = preSolution
		HideSolutionNode = FALSE
	EndGlobalSection
	GlobalSection(ExtensibilityGlobals) = postSolution
		SolutionGuid = {7CC09D7F-08D7-40B3-90FA-0E246228254C}
	EndGlobalSection
EndGlobal
